// !$*UTF8*$!
{
	archiveVersion = 1;
	classes = {
	};
	objectVersion = 55;
	objects = {

/* Begin PBXBuildFile section */
		2E54D70829275F1D00D3CF1A /* ProfileCell.swift in Sources */ = {isa = PBXBuildFile; fileRef = 2E54D70729275F1D00D3CF1A /* ProfileCell.swift */; };
		2E54D70A29275F3100D3CF1A /* BannerCell.swift in Sources */ = {isa = PBXBuildFile; fileRef = 2E54D70929275F3100D3CF1A /* BannerCell.swift */; };
		2EFB40E529274AFA003CB363 /* AppDelegate.swift in Sources */ = {isa = PBXBuildFile; fileRef = 2EFB40E429274AFA003CB363 /* AppDelegate.swift */; };
		2EFB40E729274AFA003CB363 /* SceneDelegate.swift in Sources */ = {isa = PBXBuildFile; fileRef = 2EFB40E629274AFA003CB363 /* SceneDelegate.swift */; };
		2EFB40E929274AFA003CB363 /* ViewController.swift in Sources */ = {isa = PBXBuildFile; fileRef = 2EFB40E829274AFA003CB363 /* ViewController.swift */; };
		2EFB40EE29274B00003CB363 /* Assets.xcassets in Resources */ = {isa = PBXBuildFile; fileRef = 2EFB40ED29274B00003CB363 /* Assets.xcassets */; };
		2EFB40FC29274B00003CB363 /* RedSoTests.swift in Sources */ = {isa = PBXBuildFile; fileRef = 2EFB40FB29274B00003CB363 /* RedSoTests.swift */; };
		2EFB410629274B00003CB363 /* RedSoUITests.swift in Sources */ = {isa = PBXBuildFile; fileRef = 2EFB410529274B00003CB363 /* RedSoUITests.swift */; };
		2EFB410829274B00003CB363 /* RedSoUITestsLaunchTests.swift in Sources */ = {isa = PBXBuildFile; fileRef = 2EFB410729274B00003CB363 /* RedSoUITestsLaunchTests.swift */; };
		2EFB411929274C53003CB363 /* MainView.swift in Sources */ = {isa = PBXBuildFile; fileRef = 2EFB411829274C53003CB363 /* MainView.swift */; };
		2EFB411C29274D11003CB363 /* SnapKit in Frameworks */ = {isa = PBXBuildFile; productRef = 2EFB411B29274D11003CB363 /* SnapKit */; };
/* End PBXBuildFile section */

/* Begin PBXContainerItemProxy section */
		2EFB40F829274B00003CB363 /* PBXContainerItemProxy */ = {
			isa = PBXContainerItemProxy;
			containerPortal = 2EFB40D929274AFA003CB363 /* Project object */;
			proxyType = 1;
			remoteGlobalIDString = 2EFB40E029274AFA003CB363;
			remoteInfo = RedSo;
		};
		2EFB410229274B00003CB363 /* PBXContainerItemProxy */ = {
			isa = PBXContainerItemProxy;
			containerPortal = 2EFB40D929274AFA003CB363 /* Project object */;
			proxyType = 1;
			remoteGlobalIDString = 2EFB40E029274AFA003CB363;
			remoteInfo = RedSo;
		};
/* End PBXContainerItemProxy section */

/* Begin PBXFileReference section */
		2E54D70729275F1D00D3CF1A /* ProfileCell.swift */ = {isa = PBXFileReference; lastKnownFileType = sourcecode.swift; path = ProfileCell.swift; sourceTree = "<group>"; };
		2E54D70929275F3100D3CF1A /* BannerCell.swift */ = {isa = PBXFileReference; lastKnownFileType = sourcecode.swift; path = BannerCell.swift; sourceTree = "<group>"; };
		2EFB40E129274AFA003CB363 /* RedSo.app */ = {isa = PBXFileReference; explicitFileType = wrapper.application; includeInIndex = 0; path = RedSo.app; sourceTree = BUILT_PRODUCTS_DIR; };
		2EFB40E429274AFA003CB363 /* AppDelegate.swift */ = {isa = PBXFileReference; lastKnownFileType = sourcecode.swift; path = AppDelegate.swift; sourceTree = "<group>"; };
		2EFB40E629274AFA003CB363 /* SceneDelegate.swift */ = {isa = PBXFileReference; lastKnownFileType = sourcecode.swift; path = SceneDelegate.swift; sourceTree = "<group>"; };
		2EFB40E829274AFA003CB363 /* ViewController.swift */ = {isa = PBXFileReference; lastKnownFileType = sourcecode.swift; path = ViewController.swift; sourceTree = "<group>"; };
		2EFB40ED29274B00003CB363 /* Assets.xcassets */ = {isa = PBXFileReference; lastKnownFileType = folder.assetcatalog; path = Assets.xcassets; sourceTree = "<group>"; };
		2EFB40F229274B00003CB363 /* Info.plist */ = {isa = PBXFileReference; lastKnownFileType = text.plist.xml; path = Info.plist; sourceTree = "<group>"; };
		2EFB40F729274B00003CB363 /* RedSoTests.xctest */ = {isa = PBXFileReference; explicitFileType = wrapper.cfbundle; includeInIndex = 0; path = RedSoTests.xctest; sourceTree = BUILT_PRODUCTS_DIR; };
		2EFB40FB29274B00003CB363 /* RedSoTests.swift */ = {isa = PBXFileReference; lastKnownFileType = sourcecode.swift; path = RedSoTests.swift; sourceTree = "<group>"; };
		2EFB410129274B00003CB363 /* RedSoUITests.xctest */ = {isa = PBXFileReference; explicitFileType = wrapper.cfbundle; includeInIndex = 0; path = RedSoUITests.xctest; sourceTree = BUILT_PRODUCTS_DIR; };
		2EFB410529274B00003CB363 /* RedSoUITests.swift */ = {isa = PBXFileReference; lastKnownFileType = sourcecode.swift; path = RedSoUITests.swift; sourceTree = "<group>"; };
		2EFB410729274B00003CB363 /* RedSoUITestsLaunchTests.swift */ = {isa = PBXFileReference; lastKnownFileType = sourcecode.swift; path = RedSoUITestsLaunchTests.swift; sourceTree = "<group>"; };
		2EFB411829274C53003CB363 /* MainView.swift */ = {isa = PBXFileReference; lastKnownFileType = sourcecode.swift; path = MainView.swift; sourceTree = "<group>"; };
/* End PBXFileReference section */

/* Begin PBXFrameworksBuildPhase section */
		2EFB40DE29274AFA003CB363 /* Frameworks */ = {
			isa = PBXFrameworksBuildPhase;
			buildActionMask = 2147483647;
			files = (
				2EFB411C29274D11003CB363 /* SnapKit in Frameworks */,
			);
			runOnlyForDeploymentPostprocessing = 0;
		};
		2EFB40F429274B00003CB363 /* Frameworks */ = {
			isa = PBXFrameworksBuildPhase;
			buildActionMask = 2147483647;
			files = (
			);
			runOnlyForDeploymentPostprocessing = 0;
		};
		2EFB40FE29274B00003CB363 /* Frameworks */ = {
			isa = PBXFrameworksBuildPhase;
			buildActionMask = 2147483647;
			files = (
			);
			runOnlyForDeploymentPostprocessing = 0;
		};
/* End PBXFrameworksBuildPhase section */

/* Begin PBXGroup section */
		2EFB40D829274AFA003CB363 = {
			isa = PBXGroup;
			children = (
				2EFB40E329274AFA003CB363 /* RedSo */,
				2EFB40FA29274B00003CB363 /* RedSoTests */,
				2EFB410429274B00003CB363 /* RedSoUITests */,
				2EFB40E229274AFA003CB363 /* Products */,
			);
			sourceTree = "<group>";
		};
		2EFB40E229274AFA003CB363 /* Products */ = {
			isa = PBXGroup;
			children = (
				2EFB40E129274AFA003CB363 /* RedSo.app */,
				2EFB40F729274B00003CB363 /* RedSoTests.xctest */,
				2EFB410129274B00003CB363 /* RedSoUITests.xctest */,
			);
			name = Products;
			sourceTree = "<group>";
		};
		2EFB40E329274AFA003CB363 /* RedSo */ = {
			isa = PBXGroup;
			children = (
				2EFB411729274C11003CB363 /* Controller */,
				2EFB411629274C0A003CB363 /* View */,
				2EFB411429274BF2003CB363 /* Model */,
				2EFB40E429274AFA003CB363 /* AppDelegate.swift */,
				2EFB40E629274AFA003CB363 /* SceneDelegate.swift */,
				2EFB40ED29274B00003CB363 /* Assets.xcassets */,
				2EFB40F229274B00003CB363 /* Info.plist */,
			);
			path = RedSo;
			sourceTree = "<group>";
		};
		2EFB40FA29274B00003CB363 /* RedSoTests */ = {
			isa = PBXGroup;
			children = (
				2EFB40FB29274B00003CB363 /* RedSoTests.swift */,
			);
			path = RedSoTests;
			sourceTree = "<group>";
		};
		2EFB410429274B00003CB363 /* RedSoUITests */ = {
			isa = PBXGroup;
			children = (
				2EFB410529274B00003CB363 /* RedSoUITests.swift */,
				2EFB410729274B00003CB363 /* RedSoUITestsLaunchTests.swift */,
			);
			path = RedSoUITests;
			sourceTree = "<group>";
		};
		2EFB411429274BF2003CB363 /* Model */ = {
			isa = PBXGroup;
			children = (
			);
			path = Model;
			sourceTree = "<group>";
		};
		2EFB411629274C0A003CB363 /* View */ = {
			isa = PBXGroup;
			children = (
				2EFB411829274C53003CB363 /* MainView.swift */,
				2E54D70729275F1D00D3CF1A /* ProfileCell.swift */,
				2E54D70929275F3100D3CF1A /* BannerCell.swift */,
			);
			path = View;
			sourceTree = "<group>";
		};
		2EFB411729274C11003CB363 /* Controller */ = {
			isa = PBXGroup;
			children = (
				2EFB40E829274AFA003CB363 /* ViewController.swift */,
			);
			path = Controller;
			sourceTree = "<group>";
		};
/* End PBXGroup section */

/* Begin PBXNativeTarget section */
		2EFB40E029274AFA003CB363 /* RedSo */ = {
			isa = PBXNativeTarget;
			buildConfigurationList = 2EFB410B29274B00003CB363 /* Build configuration list for PBXNativeTarget "RedSo" */;
			buildPhases = (
				2EFB40DD29274AFA003CB363 /* Sources */,
				2EFB40DE29274AFA003CB363 /* Frameworks */,
				2EFB40DF29274AFA003CB363 /* Resources */,
			);
			buildRules = (
			);
			dependencies = (
			);
			name = RedSo;
			packageProductDependencies = (
				2EFB411B29274D11003CB363 /* SnapKit */,
			);
			productName = RedSo;
			productReference = 2EFB40E129274AFA003CB363 /* RedSo.app */;
			productType = "com.apple.product-type.application";
		};
		2EFB40F629274B00003CB363 /* RedSoTests */ = {
			isa = PBXNativeTarget;
			buildConfigurationList = 2EFB410E29274B00003CB363 /* Build configuration list for PBXNativeTarget "RedSoTests" */;
			buildPhases = (
				2EFB40F329274B00003CB363 /* Sources */,
				2EFB40F429274B00003CB363 /* Frameworks */,
				2EFB40F529274B00003CB363 /* Resources */,
			);
			buildRules = (
			);
			dependencies = (
				2EFB40F929274B00003CB363 /* PBXTargetDependency */,
			);
			name = RedSoTests;
			productName = RedSoTests;
			productReference = 2EFB40F729274B00003CB363 /* RedSoTests.xctest */;
			productType = "com.apple.product-type.bundle.unit-test";
		};
		2EFB410029274B00003CB363 /* RedSoUITests */ = {
			isa = PBXNativeTarget;
			buildConfigurationList = 2EFB411129274B00003CB363 /* Build configuration list for PBXNativeTarget "RedSoUITests" */;
			buildPhases = (
				2EFB40FD29274B00003CB363 /* Sources */,
				2EFB40FE29274B00003CB363 /* Frameworks */,
				2EFB40FF29274B00003CB363 /* Resources */,
			);
			buildRules = (
			);
			dependencies = (
				2EFB410329274B00003CB363 /* PBXTargetDependency */,
			);
			name = RedSoUITests;
			productName = RedSoUITests;
			productReference = 2EFB410129274B00003CB363 /* RedSoUITests.xctest */;
			productType = "com.apple.product-type.bundle.ui-testing";
		};
/* End PBXNativeTarget section */

/* Begin PBXProject section */
		2EFB40D929274AFA003CB363 /* Project object */ = {
			isa = PBXProject;
			attributes = {
				BuildIndependentTargetsInParallel = 1;
				LastSwiftUpdateCheck = 1330;
				LastUpgradeCheck = 1330;
				TargetAttributes = {
					2EFB40E029274AFA003CB363 = {
						CreatedOnToolsVersion = 13.3.1;
					};
					2EFB40F629274B00003CB363 = {
						CreatedOnToolsVersion = 13.3.1;
						TestTargetID = 2EFB40E029274AFA003CB363;
					};
					2EFB410029274B00003CB363 = {
						CreatedOnToolsVersion = 13.3.1;
						TestTargetID = 2EFB40E029274AFA003CB363;
					};
				};
			};
			buildConfigurationList = 2EFB40DC29274AFA003CB363 /* Build configuration list for PBXProject "RedSo" */;
			compatibilityVersion = "Xcode 13.0";
			developmentRegion = en;
			hasScannedForEncodings = 0;
			knownRegions = (
				en,
				Base,
			);
			mainGroup = 2EFB40D829274AFA003CB363;
			packageReferences = (
				2EFB411A29274D11003CB363 /* XCRemoteSwiftPackageReference "Snapkit" */,
			);
			productRefGroup = 2EFB40E229274AFA003CB363 /* Products */;
			projectDirPath = "";
			projectRoot = "";
			targets = (
				2EFB40E029274AFA003CB363 /* RedSo */,
				2EFB40F629274B00003CB363 /* RedSoTests */,
				2EFB410029274B00003CB363 /* RedSoUITests */,
			);
		};
/* End PBXProject section */

/* Begin PBXResourcesBuildPhase section */
		2EFB40DF29274AFA003CB363 /* Resources */ = {
			isa = PBXResourcesBuildPhase;
			buildActionMask = 2147483647;
			files = (
				2EFB40EE29274B00003CB363 /* Assets.xcassets in Resources */,
			);
			runOnlyForDeploymentPostprocessing = 0;
		};
		2EFB40F529274B00003CB363 /* Resources */ = {
			isa = PBXResourcesBuildPhase;
			buildActionMask = 2147483647;
			files = (
			);
			runOnlyForDeploymentPostprocessing = 0;
		};
		2EFB40FF29274B00003CB363 /* Resources */ = {
			isa = PBXResourcesBuildPhase;
			buildActionMask = 2147483647;
			files = (
			);
			runOnlyForDeploymentPostprocessing = 0;
		};
/* End PBXResourcesBuildPhase section */

/* Begin PBXSourcesBuildPhase section */
		2EFB40DD29274AFA003CB363 /* Sources */ = {
			isa = PBXSourcesBuildPhase;
			buildActionMask = 2147483647;
			files = (
				2EFB40E929274AFA003CB363 /* ViewController.swift in Sources */,
				2EFB411929274C53003CB363 /* MainView.swift in Sources */,
				2EFB40E529274AFA003CB363 /* AppDelegate.swift in Sources */,
				2EFB40E729274AFA003CB363 /* SceneDelegate.swift in Sources */,
				2E54D70829275F1D00D3CF1A /* ProfileCell.swift in Sources */,
				2E54D70A29275F3100D3CF1A /* BannerCell.swift in Sources */,
			);
			runOnlyForDeploymentPostprocessing = 0;
		};
		2EFB40F329274B00003CB363 /* Sources */ = {
			isa = PBXSourcesBuildPhase;
			buildActionMask = 2147483647;
			files = (
				2EFB40FC29274B00003CB363 /* RedSoTests.swift in Sources */,
			);
			runOnlyForDeploymentPostprocessing = 0;
		};
		2EFB40FD29274B00003CB363 /* Sources */ = {
			isa = PBXSourcesBuildPhase;
			buildActionMask = 2147483647;
			files = (
				2EFB410829274B00003CB363 /* RedSoUITestsLaunchTests.swift in Sources */,
				2EFB410629274B00003CB363 /* RedSoUITests.swift in Sources */,
			);
			runOnlyForDeploymentPostprocessing = 0;
		};
/* End PBXSourcesBuildPhase section */

/* Begin PBXTargetDependency section */
		2EFB40F929274B00003CB363 /* PBXTargetDependency */ = {
			isa = PBXTargetDependency;
			target = 2EFB40E029274AFA003CB363 /* RedSo */;
			targetProxy = 2EFB40F829274B00003CB363 /* PBXContainerItemProxy */;
		};
		2EFB410329274B00003CB363 /* PBXTargetDependency */ = {
			isa = PBXTargetDependency;
			target = 2EFB40E029274AFA003CB363 /* RedSo */;
			targetProxy = 2EFB410229274B00003CB363 /* PBXContainerItemProxy */;
		};
/* End PBXTargetDependency section */

/* Begin XCBuildConfiguration section */
		2EFB410929274B00003CB363 /* Debug */ = {
			isa = XCBuildConfiguration;
			buildSettings = {
				ALWAYS_SEARCH_USER_PATHS = NO;
				CLANG_ANALYZER_NONNULL = YES;
				CLANG_ANALYZER_NUMBER_OBJECT_CONVERSION = YES_AGGRESSIVE;
				CLANG_CXX_LANGUAGE_STANDARD = "gnu++17";
				CLANG_ENABLE_MODULES = YES;
				CLANG_ENABLE_OBJC_ARC = YES;
				CLANG_ENABLE_OBJC_WEAK = YES;
				CLANG_WARN_BLOCK_CAPTURE_AUTORELEASING = YES;
				CLANG_WARN_BOOL_CONVERSION = YES;
				CLANG_WARN_COMMA = YES;
				CLANG_WARN_CONSTANT_CONVERSION = YES;
				CLANG_WARN_DEPRECATED_OBJC_IMPLEMENTATIONS = YES;
				CLANG_WARN_DIRECT_OBJC_ISA_USAGE = YES_ERROR;
				CLANG_WARN_DOCUMENTATION_COMMENTS = YES;
				CLANG_WARN_EMPTY_BODY = YES;
				CLANG_WARN_ENUM_CONVERSION = YES;
				CLANG_WARN_INFINITE_RECURSION = YES;
				CLANG_WARN_INT_CONVERSION = YES;
				CLANG_WARN_NON_LITERAL_NULL_CONVERSION = YES;
				CLANG_WARN_OBJC_IMPLICIT_RETAIN_SELF = YES;
				CLANG_WARN_OBJC_LITERAL_CONVERSION = YES;
				CLANG_WARN_OBJC_ROOT_CLASS = YES_ERROR;
				CLANG_WARN_QUOTED_INCLUDE_IN_FRAMEWORK_HEADER = YES;
				CLANG_WARN_RANGE_LOOP_ANALYSIS = YES;
				CLANG_WARN_STRICT_PROTOTYPES = YES;
				CLANG_WARN_SUSPICIOUS_MOVE = YES;
				CLANG_WARN_UNGUARDED_AVAILABILITY = YES_AGGRESSIVE;
				CLANG_WARN_UNREACHABLE_CODE = YES;
				CLANG_WARN__DUPLICATE_METHOD_MATCH = YES;
				COPY_PHASE_STRIP = NO;
				DEBUG_INFORMATION_FORMAT = dwarf;
				ENABLE_STRICT_OBJC_MSGSEND = YES;
				ENABLE_TESTABILITY = YES;
				GCC_C_LANGUAGE_STANDARD = gnu11;
				GCC_DYNAMIC_NO_PIC = NO;
				GCC_NO_COMMON_BLOCKS = YES;
				GCC_OPTIMIZATION_LEVEL = 0;
				GCC_PREPROCESSOR_DEFINITIONS = (
					"DEBUG=1",
					"$(inherited)",
				);
				GCC_WARN_64_TO_32_BIT_CONVERSION = YES;
				GCC_WARN_ABOUT_RETURN_TYPE = YES_ERROR;
				GCC_WARN_UNDECLARED_SELECTOR = YES;
				GCC_WARN_UNINITIALIZED_AUTOS = YES_AGGRESSIVE;
				GCC_WARN_UNUSED_FUNCTION = YES;
				GCC_WARN_UNUSED_VARIABLE = YES;
				IPHONEOS_DEPLOYMENT_TARGET = 15.3;
				MTL_ENABLE_DEBUG_INFO = INCLUDE_SOURCE;
				MTL_FAST_MATH = YES;
				ONLY_ACTIVE_ARCH = YES;
				SDKROOT = iphoneos;
				SWIFT_ACTIVE_COMPILATION_CONDITIONS = DEBUG;
				SWIFT_OPTIMIZATION_LEVEL = "-Onone";
			};
			name = Debug;
		};
		2EFB410A29274B00003CB363 /* Release */ = {
			isa = XCBuildConfiguration;
			buildSettings = {
				ALWAYS_SEARCH_USER_PATHS = NO;
				CLANG_ANALYZER_NONNULL = YES;
				CLANG_ANALYZER_NUMBER_OBJECT_CONVERSION = YES_AGGRESSIVE;
				CLANG_CXX_LANGUAGE_STANDARD = "gnu++17";
				CLANG_ENABLE_MODULES = YES;
				CLANG_ENABLE_OBJC_ARC = YES;
				CLANG_ENABLE_OBJC_WEAK = YES;
				CLANG_WARN_BLOCK_CAPTURE_AUTORELEASING = YES;
				CLANG_WARN_BOOL_CONVERSION = YES;
				CLANG_WARN_COMMA = YES;
				CLANG_WARN_CONSTANT_CONVERSION = YES;
				CLANG_WARN_DEPRECATED_OBJC_IMPLEMENTATIONS = YES;
				CLANG_WARN_DIRECT_OBJC_ISA_USAGE = YES_ERROR;
				CLANG_WARN_DOCUMENTATION_COMMENTS = YES;
				CLANG_WARN_EMPTY_BODY = YES;
				CLANG_WARN_ENUM_CONVERSION = YES;
				CLANG_WARN_INFINITE_RECURSION = YES;
				CLANG_WARN_INT_CONVERSION = YES;
				CLANG_WARN_NON_LITERAL_NULL_CONVERSION = YES;
				CLANG_WARN_OBJC_IMPLICIT_RETAIN_SELF = YES;
				CLANG_WARN_OBJC_LITERAL_CONVERSION = YES;
				CLANG_WARN_OBJC_ROOT_CLASS = YES_ERROR;
				CLANG_WARN_QUOTED_INCLUDE_IN_FRAMEWORK_HEADER = YES;
				CLANG_WARN_RANGE_LOOP_ANALYSIS = YES;
				CLANG_WARN_STRICT_PROTOTYPES = YES;
				CLANG_WARN_SUSPICIOUS_MOVE = YES;
				CLANG_WARN_UNGUARDED_AVAILABILITY = YES_AGGRESSIVE;
				CLANG_WARN_UNREACHABLE_CODE = YES;
				CLANG_WARN__DUPLICATE_METHOD_MATCH = YES;
				COPY_PHASE_STRIP = NO;
				DEBUG_INFORMATION_FORMAT = "dwarf-with-dsym";
				ENABLE_NS_ASSERTIONS = NO;
				ENABLE_STRICT_OBJC_MSGSEND = YES;
				GCC_C_LANGUAGE_STANDARD = gnu11;
				GCC_NO_COMMON_BLOCKS = YES;
				GCC_WARN_64_TO_32_BIT_CONVERSION = YES;
				GCC_WARN_ABOUT_RETURN_TYPE = YES_ERROR;
				GCC_WARN_UNDECLARED_SELECTOR = YES;
				GCC_WARN_UNINITIALIZED_AUTOS = YES_AGGRESSIVE;
				GCC_WARN_UNUSED_FUNCTION = YES;
				GCC_WARN_UNUSED_VARIABLE = YES;
				IPHONEOS_DEPLOYMENT_TARGET = 15.3;
				MTL_ENABLE_DEBUG_INFO = NO;
				MTL_FAST_MATH = YES;
				SDKROOT = iphoneos;
				SWIFT_COMPILATION_MODE = wholemodule;
				SWIFT_OPTIMIZATION_LEVEL = "-O";
				VALIDATE_PRODUCT = YES;
			};
			name = Release;
		};
		2EFB410C29274B00003CB363 /* Debug */ = {
			isa = XCBuildConfiguration;
			buildSettings = {
				ASSETCATALOG_COMPILER_APPICON_NAME = AppIcon;
				ASSETCATALOG_COMPILER_GLOBAL_ACCENT_COLOR_NAME = AccentColor;
				CODE_SIGN_STYLE = Automatic;
				CURRENT_PROJECT_VERSION = 1;
				DEVELOPMENT_TEAM = 8K3CTB8MNW;
				GENERATE_INFOPLIST_FILE = YES;
				INFOPLIST_FILE = RedSo/Info.plist;
				INFOPLIST_KEY_UIApplicationSupportsIndirectInputEvents = YES;
				INFOPLIST_KEY_UILaunchStoryboardName = LaunchScreen;
				INFOPLIST_KEY_UISupportedInterfaceOrientations_iPad = "UIInterfaceOrientationPortrait UIInterfaceOrientationPortraitUpsideDown UIInterfaceOrientationLandscapeLeft UIInterfaceOrientationLandscapeRight";
				INFOPLIST_KEY_UISupportedInterfaceOrientations_iPhone = "UIInterfaceOrientationPortrait UIInterfaceOrientationLandscapeLeft UIInterfaceOrientationLandscapeRight";
				LD_RUNPATH_SEARCH_PATHS = (
					"$(inherited)",
					"@executable_path/Frameworks",
				);
				MARKETING_VERSION = 1.0;
				PRODUCT_BUNDLE_IDENTIFIER = Bruceo.RedSo;
				PRODUCT_NAME = "$(TARGET_NAME)";
				SWIFT_EMIT_LOC_STRINGS = YES;
				SWIFT_VERSION = 5.0;
				TARGETED_DEVICE_FAMILY = "1,2";
			};
			name = Debug;
		};
		2EFB410D29274B00003CB363 /* Release */ = {
			isa = XCBuildConfiguration;
			buildSettings = {
				ASSETCATALOG_COMPILER_APPICON_NAME = AppIcon;
				ASSETCATALOG_COMPILER_GLOBAL_ACCENT_COLOR_NAME = AccentColor;
				CODE_SIGN_STYLE = Automatic;
				CURRENT_PROJECT_VERSION = 1;
				DEVELOPMENT_TEAM = 8K3CTB8MNW;
				GENERATE_INFOPLIST_FILE = YES;
				INFOPLIST_FILE = RedSo/Info.plist;
				INFOPLIST_KEY_UIApplicationSupportsIndirectInputEvents = YES;
				INFOPLIST_KEY_UILaunchStoryboardName = LaunchScreen;
				INFOPLIST_KEY_UISupportedInterfaceOrientations_iPad = "UIInterfaceOrientationPortrait UIInterfaceOrientationPortraitUpsideDown UIInterfaceOrientationLandscapeLeft UIInterfaceOrientationLandscapeRight";
				INFOPLIST_KEY_UISupportedInterfaceOrientations_iPhone = "UIInterfaceOrientationPortrait UIInterfaceOrientationLandscapeLeft UIInterfaceOrientationLandscapeRight";
				LD_RUNPATH_SEARCH_PATHS = (
					"$(inherited)",
					"@executable_path/Frameworks",
				);
				MARKETING_VERSION = 1.0;
				PRODUCT_BUNDLE_IDENTIFIER = Bruceo.RedSo;
				PRODUCT_NAME = "$(TARGET_NAME)";
				SWIFT_EMIT_LOC_STRINGS = YES;
				SWIFT_VERSION = 5.0;
				TARGETED_DEVICE_FAMILY = "1,2";
			};
			name = Release;
		};
		2EFB410F29274B00003CB363 /* Debug */ = {
			isa = XCBuildConfiguration;
			buildSettings = {
				ALWAYS_EMBED_SWIFT_STANDARD_LIBRARIES = YES;
				BUNDLE_LOADER = "$(TEST_HOST)";
				CODE_SIGN_STYLE = Automatic;
				CURRENT_PROJECT_VERSION = 1;
				DEVELOPMENT_TEAM = 8K3CTB8MNW;
				GENERATE_INFOPLIST_FILE = YES;
				IPHONEOS_DEPLOYMENT_TARGET = 15.4;
				MARKETING_VERSION = 1.0;
				PRODUCT_BUNDLE_IDENTIFIER = Bruceo.RedSoTests;
				PRODUCT_NAME = "$(TARGET_NAME)";
				SWIFT_EMIT_LOC_STRINGS = NO;
				SWIFT_VERSION = 5.0;
				TARGETED_DEVICE_FAMILY = "1,2";
				TEST_HOST = "$(BUILT_PRODUCTS_DIR)/RedSo.app/RedSo";
			};
			name = Debug;
		};
		2EFB411029274B00003CB363 /* Release */ = {
			isa = XCBuildConfiguration;
			buildSettings = {
				ALWAYS_EMBED_SWIFT_STANDARD_LIBRARIES = YES;
				BUNDLE_LOADER = "$(TEST_HOST)";
				CODE_SIGN_STYLE = Automatic;
				CURRENT_PROJECT_VERSION = 1;
				DEVELOPMENT_TEAM = 8K3CTB8MNW;
				GENERATE_INFOPLIST_FILE = YES;
				IPHONEOS_DEPLOYMENT_TARGET = 15.4;
				MARKETING_VERSION = 1.0;
				PRODUCT_BUNDLE_IDENTIFIER = Bruceo.RedSoTests;
				PRODUCT_NAME = "$(TARGET_NAME)";
				SWIFT_EMIT_LOC_STRINGS = NO;
				SWIFT_VERSION = 5.0;
				TARGETED_DEVICE_FAMILY = "1,2";
				TEST_HOST = "$(BUILT_PRODUCTS_DIR)/RedSo.app/RedSo";
			};
			name = Release;
		};
		2EFB411229274B00003CB363 /* Debug */ = {
			isa = XCBuildConfiguration;
			buildSettings = {
				ALWAYS_EMBED_SWIFT_STANDARD_LIBRARIES = YES;
				CODE_SIGN_STYLE = Automatic;
				CURRENT_PROJECT_VERSION = 1;
				DEVELOPMENT_TEAM = 8K3CTB8MNW;
				GENERATE_INFOPLIST_FILE = YES;
				MARKETING_VERSION = 1.0;
				PRODUCT_BUNDLE_IDENTIFIER = Bruceo.RedSoUITests;
				PRODUCT_NAME = "$(TARGET_NAME)";
				SWIFT_EMIT_LOC_STRINGS = NO;
				SWIFT_VERSION = 5.0;
				TARGETED_DEVICE_FAMILY = "1,2";
				TEST_TARGET_NAME = RedSo;
			};
			name = Debug;
		};
		2EFB411329274B00003CB363 /* Release */ = {
			isa = XCBuildConfiguration;
			buildSettings = {
				ALWAYS_EMBED_SWIFT_STANDARD_LIBRARIES = YES;
				CODE_SIGN_STYLE = Automatic;
				CURRENT_PROJECT_VERSION = 1;
				DEVELOPMENT_TEAM = 8K3CTB8MNW;
				GENERATE_INFOPLIST_FILE = YES;
				MARKETING_VERSION = 1.0;
				PRODUCT_BUNDLE_IDENTIFIER = Bruceo.RedSoUITests;
				PRODUCT_NAME = "$(TARGET_NAME)";
				SWIFT_EMIT_LOC_STRINGS = NO;
				SWIFT_VERSION = 5.0;
				TARGETED_DEVICE_FAMILY = "1,2";
				TEST_TARGET_NAME = RedSo;
			};
			name = Release;
		};
/* End XCBuildConfiguration section */

/* Begin XCConfigurationList section */
		2EFB40DC29274AFA003CB363 /* Build configuration list for PBXProject "RedSo" */ = {
			isa = XCConfigurationList;
			buildConfigurations = (
				2EFB410929274B00003CB363 /* Debug */,
				2EFB410A29274B00003CB363 /* Release */,
			);
			defaultConfigurationIsVisible = 0;
			defaultConfigurationName = Release;
		};
		2EFB410B29274B00003CB363 /* Build configuration list for PBXNativeTarget "RedSo" */ = {
			isa = XCConfigurationList;
			buildConfigurations = (
				2EFB410C29274B00003CB363 /* Debug */,
				2EFB410D29274B00003CB363 /* Release */,
			);
			defaultConfigurationIsVisible = 0;
			defaultConfigurationName = Release;
		};
		2EFB410E29274B00003CB363 /* Build configuration list for PBXNativeTarget "RedSoTests" */ = {
			isa = XCConfigurationList;
			buildConfigurations = (
				2EFB410F29274B00003CB363 /* Debug */,
				2EFB411029274B00003CB363 /* Release */,
			);
			defaultConfigurationIsVisible = 0;
			defaultConfigurationName = Release;
		};
		2EFB411129274B00003CB363 /* Build configuration list for PBXNativeTarget "RedSoUITests" */ = {
			isa = XCConfigurationList;
			buildConfigurations = (
				2EFB411229274B00003CB363 /* Debug */,
				2EFB411329274B00003CB363 /* Release */,
			);
			defaultConfigurationIsVisible = 0;
			defaultConfigurationName = Release;
		};
/* End XCConfigurationList section */

/* Begin XCRemoteSwiftPackageReference section */
		2EFB411A29274D11003CB363 /* XCRemoteSwiftPackageReference "Snapkit" */ = {
			isa = XCRemoteSwiftPackageReference;
			repositoryURL = "https://github.com/SnapKit/Snapkit";
			requirement = {
				branch = develop;
				kind = branch;
			};
		};
/* End XCRemoteSwiftPackageReference section */

/* Begin XCSwiftPackageProductDependency section */
		2EFB411B29274D11003CB363 /* SnapKit */ = {
			isa = XCSwiftPackageProductDependency;
			package = 2EFB411A29274D11003CB363 /* XCRemoteSwiftPackageReference "Snapkit" */;
			productName = SnapKit;
		};
/* End XCSwiftPackageProductDependency section */
	};
	rootObject = 2EFB40D929274AFA003CB363 /* Project object */;
}
